dependencies:
- name: sveltos-crds
  repository: https://projectsveltos.github.io/helm-charts
  version: 1.16.0
- name: projectsveltos
  repository: https://projectsveltos.github.io/helm-charts
  version: 1.16.0
digest: sha256:17339a40a1f13ba13ccaa2f771fb430569b5fe7545bfef7ae245bb285ab815dc
generated: "2026-10-06T11:25:55.464025592Z"
