dependencies:
- name: flux2
  repository: https://fluxcd-community.github.io/helm-charts
  version: 2.19.0
- name: rbac-manager
  repository: https://charts.fairwinds.com/stable
  version: 1.21.5
- name: kcm-regional
  repository: file://../kcm-regional
  version: 1.13.0-dev.1
digest: sha256:d045f4b3ba5961d3448e3b730dac8e993c714fd56d5b160063b3c2498f8743fe
generated: "2026-10-02T16:34:27.29125+04:00"
