dependencies:
- name: flux2
  repository: https://fluxcd-community.github.io/helm-charts
  version: 2.14.0
- name: cert-manager
  repository: https://charts.jetstack.io
  version: v1.16.2
- name: cluster-api-operator
  repository: https://kubernetes-sigs.github.io/cluster-api-operator
  version: 0.15.1
- name: velero
  repository: https://vmware-tanzu.github.io/helm-charts
  version: 8.2.0
digest: sha256:d21835dc920a5fe6b4d8c16cf1e345e438c209adb9ac1d266151d1755397ed24
generated: "2025-01-14T20:45:54.956254+01:00"
