dependencies:
- name: flux2
  repository: https://fluxcd-community.github.io/helm-charts
  version: 2.19.0
- name: rbac-manager
  repository: https://charts.fairwinds.com/stable
  version: 1.21.5
- name: kcm-regional
  repository: file://../kcm-regional
  version: 1.13.0-dev.2
digest: sha256:ebe2d178b61ea19379307539a35db92865c305d72773f47b0b989e97655def70
generated: "2026-10-09T15:35:09.822845+04:00"
